
Microsoft Visual Studio Solution File, Format Version 12.00
# Visual Studio Version 17
VisualStudioVersion = 17.2.32526.322
MinimumVisualStudioVersion = 10.0.40219.1
Project("{FAE04EC0-301F-11D3-BF4B-00C04F79EFBC}") = "Archipelago", "Archipelago\Archipelago.csproj", "{E5A7604A-3FE8-4171-A823-5C0AB0664C1C}"
EndProject
Global
	GlobalSection(SolutionConfigurationPlatforms) = preSolution
		Debug|Any CPU = Debug|Any CPU
		Release|Any CPU = Release|Any CPU
	EndGlobalSection
	GlobalSection(ProjectConfigurationPlatforms) = postSolution
		{E5A7604A-3FE8-4171-A823-5C0AB0664C1C}.Debug|Any CPU.ActiveCfg = Debug|Any CPU
		{E5A7604A-3FE8-4171-A823-5C0AB0664C1C}.Debug|Any CPU.Build.0 = Debug|Any CPU
		{E5A7604A-3FE8-4171-A823-5C0AB0664C1C}.Release|Any CPU.ActiveCfg = Release|Any CPU
		{E5A7604A-3FE8-4171-A823-5C0AB0664C1C}.Release|Any CPU.Build.0 = Release|Any CPU
	EndGlobalSection
	GlobalSection(SolutionProperties) = preSolution
		HideSolutionNode = FALSE
	EndGlobalSection
	GlobalSection(ExtensibilityGlobals) = postSolution
		SolutionGuid = {2220D476-5125-448E-8C4A-CC5AB0D1B24C}
	EndGlobalSection
EndGlobal
